
Microsoft Visual Studio Solution File, Format Version 12.00
# Visual Studio Version 17
VisualStudioVersion = 17.10.35122.118
MinimumVisualStudioVersion = 10.0.40219.1
Project("{FAE04EC0-301F-11D3-BF4B-00C04F79EFBC}") = "WinFormEImza", "WinFormEImza\WinFormEImza.csproj", "{48BD2798-0C64-41F2-A09E-7838E870C590}"
EndProject
Global
	GlobalSection(SolutionConfigurationPlatforms) = preSolution
		Debug|Any CPU = Debug|Any CPU
		Release|Any CPU = Release|Any CPU
	EndGlobalSection
	GlobalSection(ProjectConfigurationPlatforms) = postSolution
		{48BD2798-0C64-41F2-A09E-7838E870C590}.Debug|Any CPU.ActiveCfg = Debug|Any CPU
		{48BD2798-0C64-41F2-A09E-7838E870C590}.Debug|Any CPU.Build.0 = Debug|Any CPU
		{48BD2798-0C64-41F2-A09E-7838E870C590}.Release|Any CPU.ActiveCfg = Release|Any CPU
		{48BD2798-0C64-41F2-A09E-7838E870C590}.Release|Any CPU.Build.0 = Release|Any CPU
	EndGlobalSection
	GlobalSection(SolutionProperties) = preSolution
		HideSolutionNode = FALSE
	EndGlobalSection
	GlobalSection(ExtensibilityGlobals) = postSolution
		SolutionGuid = {45911CD1-A548-44AC-A6F5-84E828BC82A6}
	EndGlobalSection
EndGlobal
